
Microsoft Visual Studio Solution File, Format Version 12.00
# Visual Studio Version 17
VisualStudioVersion = 17.0.31903.59
MinimumVisualStudioVersion = 10.0.40219.1
Project("{9A19103F-16F7-4668-BE54-9A1E7A4F7556}") = "ProjectTemplate.API", "ProjectTemplate.API\ProjectTemplate.API.csproj", "{D57C72BE-5543-4003-A8DD-8D5C2A4576FA}"
EndProject
Project("{9A19103F-16F7-4668-BE54-9A1E7A4F7556}") = "ProjectTemplate.BL", "ProjectTemplate.BL\ProjectTemplate.BL.csproj", "{702F417E-E629-4D5B-9D2D-00C875242333}"
EndProject
Project("{9A19103F-16F7-4668-BE54-9A1E7A4F7556}") = "ProjectTemplate.Domain", "ProjectTemplate.Domain\ProjectTemplate.Domain.csproj", "{E7DB7DFE-5924-41ED-8F9A-4EEE5237EB4D}"
EndProject
Project("{9A19103F-16F7-4668-BE54-9A1E7A4F7556}") = "ProjectTemplate.Repository", "ProjectTemplate.Repository\ProjectTemplate.Repository.csproj", "{4523555E-6E23-404F-8DCC-536BB9248A19}"
EndProject
Global
	GlobalSection(SolutionConfigurationPlatforms) = preSolution
		Debug|Any CPU = Debug|Any CPU
		Release|Any CPU = Release|Any CPU
	EndGlobalSection
	GlobalSection(ProjectConfigurationPlatforms) = postSolution
		{D57C72BE-5543-4003-A8DD-8D5C2A4576FA}.Debug|Any CPU.ActiveCfg = Debug|Any CPU
		{D57C72BE-5543-4003-A8DD-8D5C2A4576FA}.Debug|Any CPU.Build.0 = Debug|Any CPU
		{D57C72BE-5543-4003-A8DD-8D5C2A4576FA}.Release|Any CPU.ActiveCfg = Release|Any CPU
		{D57C72BE-5543-4003-A8DD-8D5C2A4576FA}.Release|Any CPU.Build.0 = Release|Any CPU
		{702F417E-E629-4D5B-9D2D-00C875242333}.Debug|Any CPU.ActiveCfg = Debug|Any CPU
		{702F417E-E629-4D5B-9D2D-00C875242333}.Debug|Any CPU.Build.0 = Debug|Any CPU
		{702F417E-E629-4D5B-9D2D-00C875242333}.Release|Any CPU.ActiveCfg = Release|Any CPU
		{702F417E-E629-4D5B-9D2D-00C875242333}.Release|Any CPU.Build.0 = Release|Any CPU
		{E7DB7DFE-5924-41ED-8F9A-4EEE5237EB4D}.Debug|Any CPU.ActiveCfg = Debug|Any CPU
		{E7DB7DFE-5924-41ED-8F9A-4EEE5237EB4D}.Debug|Any CPU.Build.0 = Debug|Any CPU
		{E7DB7DFE-5924-41ED-8F9A-4EEE5237EB4D}.Release|Any CPU.ActiveCfg = Release|Any CPU
		{E7DB7DFE-5924-41ED-8F9A-4EEE5237EB4D}.Release|Any CPU.Build.0 = Release|Any CPU
		{4523555E-6E23-404F-8DCC-536BB9248A19}.Debug|Any CPU.ActiveCfg = Debug|Any CPU
		{4523555E-6E23-404F-8DCC-536BB9248A19}.Debug|Any CPU.Build.0 = Debug|Any CPU
		{4523555E-6E23-404F-8DCC-536BB9248A19}.Release|Any CPU.ActiveCfg = Release|Any CPU
		{4523555E-6E23-404F-8DCC-536BB9248A19}.Release|Any CPU.Build.0 = Release|Any CPU
	EndGlobalSection
	GlobalSection(SolutionProperties) = preSolution
		HideSolutionNode = FALSE
	EndGlobalSection
EndGlobal
